Microsoft Visual Studio Solution File, Format Version 12.00
# Visual Studio Version 16
VisualStudioVersion = 16.0.31729.503
MinimumVisualStudioVersion = 10.0.40219.1
Project("{FAE04EC0-301F-11D3-BF4B-00C04F79EFBC}") = "Zob_Cristina_Lab2", "Zob_Cristina_Lab2.csproj", "{F15360CD-2355-4AD2-A022-C1777C124AA7}"
EndProject
Global
	GlobalSection(SolutionConfigurationPlatforms) = preSolution
		Debug|Any CPU = Debug|Any CPU
		Release|Any CPU = Release|Any CPU
	EndGlobalSection
	GlobalSection(ProjectConfigurationPlatforms) = postSolution
		{F15360CD-2355-4AD2-A022-C1777C124AA7}.Debug|Any CPU.ActiveCfg = Debug|Any CPU
		{F15360CD-2355-4AD2-A022-C1777C124AA7}.Debug|Any CPU.Build.0 = Debug|Any CPU
		{F15360CD-2355-4AD2-A022-C1777C124AA7}.Release|Any CPU.ActiveCfg = Release|Any CPU
		{F15360CD-2355-4AD2-A022-C1777C124AA7}.Release|Any CPU.Build.0 = Release|Any CPU
	EndGlobalSection
	GlobalSection(SolutionProperties) = preSolution
		HideSolutionNode = FALSE
	EndGlobalSection
	GlobalSection(ExtensibilityGlobals) = postSolution
		SolutionGuid = {82AE81F2-FCF3-445B-8095-747DC7552EA5}
	EndGlobalSection
EndGlobal
